# This file is automatically @generated by Cargo.
# It is not intended for manual editing.
version = 3

[[package]]
name = "aoc"
version = "0.1.0"

[[package]]
name = "camel-cards"
version = "0.1.0"
dependencies = [
 "aoc",
]

[[package]]
name = "cube-conundrum"
version = "0.1.0"
dependencies = [
 "aoc",
]

[[package]]
name = "doesnt-he-have-intern-elves-for-this"
version = "0.1.0"
dependencies = [
 "aoc",
]

[[package]]
name = "gear-ratios"
version = "0.1.0"
dependencies = [
 "aoc",
]

[[package]]
name = "i-was-told-there-would-be-no-math"
version = "0.1.0"
dependencies = [
 "aoc",
]

[[package]]
name = "if-you-give-a-seed-a-fertilizer"
version = "0.1.0"
dependencies = [
 "aoc",
]

[[package]]
name = "not-quite-lisp"
version = "0.1.0"
dependencies = [
 "aoc",
]

[[package]]
name = "perfectly-spherical-houses-in-a-vacuum"
version = "0.1.0"
dependencies = [
 "aoc",
]

[[package]]
name = "problably-a-fire-hazard"
version = "0.1.0"
dependencies = [
 "aoc",
]

[[package]]
name = "scratchcards"
version = "0.1.0"
dependencies = [
 "aoc",
]

[[package]]
name = "some-assembly-required"
version = "0.1.0"
dependencies = [
 "aoc",
]

[[package]]
name = "the-ideal-stocking-stuffer"
version = "0.1.0"
dependencies = [
 "aoc",
]

[[package]]
name = "trebuchet"
version = "0.1.0"
dependencies = [
 "aoc",
]

[[package]]
name = "wait-for-it"
version = "0.1.0"
dependencies = [
 "aoc",
]
